
Microsoft Visual Studio Solution File, Format Version 12.00
# Visual Studio Version 16
VisualStudioVersion = 16.0.30621.155
MinimumVisualStudioVersion = 10.0.40219.1
Project("{FAE04EC0-301F-11D3-BF4B-00C04F79EFBC}") = "MVC-laboration", "MVC-laboration.csproj", "{05FEE3D8-2238-4B6A-A170-A6F98D145738}"
EndProject
Global
	GlobalSection(SolutionConfigurationPlatforms) = preSolution
		Debug|Any CPU = Debug|Any CPU
		Release|Any CPU = Release|Any CPU
	EndGlobalSection
	GlobalSection(ProjectConfigurationPlatforms) = postSolution
		{05FEE3D8-2238-4B6A-A170-A6F98D145738}.Debug|Any CPU.ActiveCfg = Debug|Any CPU
		{05FEE3D8-2238-4B6A-A170-A6F98D145738}.Debug|Any CPU.Build.0 = Debug|Any CPU
		{05FEE3D8-2238-4B6A-A170-A6F98D145738}.Release|Any CPU.ActiveCfg = Release|Any CPU
		{05FEE3D8-2238-4B6A-A170-A6F98D145738}.Release|Any CPU.Build.0 = Release|Any CPU
	EndGlobalSection
	GlobalSection(SolutionProperties) = preSolution
		HideSolutionNode = FALSE
	EndGlobalSection
	GlobalSection(ExtensibilityGlobals) = postSolution
		SolutionGuid = {1B4503E0-CA27-4C6C-89E6-72E7037C0BEF}
	EndGlobalSection
EndGlobal
